# This file is automatically @generated by Cargo.
# It is not intended for manual editing.
version = 3

[[package]]
name = "app"
version = "0.1.0"
dependencies = [
 "fltk-sys",
]

[[package]]
name = "cc"
version = "1.0.69"
source = "registry+https://github.com/rust-lang/crates.io-index"
checksum = "e70cc2f62c6ce1868963827bd677764c62d07c3d9a3e1fb1177ee1a9ab199eb2"

[[package]]
name = "cmake"
version = "0.1.45"
source = "git+https://github.com/alexcrichton/cmake-rs/?rev=9af8515#9af8515c781fc2a6163d60315a33485e45543e64"
dependencies = [
 "cc",
]

[[package]]
name = "fltk-sys"
version = "1.1.12"
source = "git+https://github.com/fltk-rs/fltk-rs#31a7a02f4cc6c819de722e51f0e31332e1de1315"
dependencies = [
 "cmake",
 "libc",
]

[[package]]
name = "libc"
version = "0.2.100"
source = "registry+https://github.com/rust-lang/crates.io-index"
checksum = "a1fa8cddc8fbbee11227ef194b5317ed014b8acbf15139bd716a18ad3fe99ec5"
